
Microsoft Visual Studio Solution File, Format Version 12.00
# Visual Studio 2013
VisualStudioVersion = 12.0.21005.1
MinimumVisualStudioVersion = 10.0.40219.1
Project("{8BC9CEB8-8B4A-11D0-8D11-00A0C91BC942}") = "colorhbarmeter", "colorhbarmeter.vcxproj", "{17742263-7F80-9F93-A6A4-5BAD6CE80CAE}"
EndProject
Global
	GlobalSection(SolutionConfigurationPlatforms) = preSolution
		Debug|Win32 = Debug|Win32
		Debug|x64 = Debug|x64
		Release|Win32 = Release|Win32
		Release|x64 = Release|x64
	EndGlobalSection
	GlobalSection(ProjectConfigurationPlatforms) = postSolution
		{17742263-7F80-9F93-A6A4-5BAD6CE80CAE}.Debug|Win32.ActiveCfg = Debug|Win32
		{17742263-7F80-9F93-A6A4-5BAD6CE80CAE}.Debug|Win32.Build.0 = Debug|Win32
		{17742263-7F80-9F93-A6A4-5BAD6CE80CAE}.Debug|x64.ActiveCfg = Debug|x64
		{17742263-7F80-9F93-A6A4-5BAD6CE80CAE}.Debug|x64.Build.0 = Debug|x64
		{17742263-7F80-9F93-A6A4-5BAD6CE80CAE}.Release|Win32.ActiveCfg = Release|Win32
		{17742263-7F80-9F93-A6A4-5BAD6CE80CAE}.Release|Win32.Build.0 = Release|Win32
		{17742263-7F80-9F93-A6A4-5BAD6CE80CAE}.Release|x64.ActiveCfg = Release|x64
		{17742263-7F80-9F93-A6A4-5BAD6CE80CAE}.Release|x64.Build.0 = Release|x64
	EndGlobalSection
	GlobalSection(SolutionProperties) = preSolution
		HideSolutionNode = FALSE
	EndGlobalSection
EndGlobal
